
Microsoft Visual Studio Solution File, Format Version 12.00
# Visual Studio Version 17
VisualStudioVersion = 17.0.32014.148
MinimumVisualStudioVersion = 10.0.40219.1
Project("{F184B08F-C81C-45F6-A57F-5ABD9991F28F}") = "WORKORDER_DASHBOARD", "WORKORDER_DASHBOARD\WORKORDER_DASHBOARD.vbproj", "{F815A591-8BCB-43B5-BAF6-B2B051213D7D}"
EndProject
Global
	GlobalSection(SolutionConfigurationPlatforms) = preSolution
		Debug|Any CPU = Debug|Any CPU
		Release|Any CPU = Release|Any CPU
	EndGlobalSection
	GlobalSection(ProjectConfigurationPlatforms) = postSolution
		{F815A591-8BCB-43B5-BAF6-B2B051213D7D}.Debug|Any CPU.ActiveCfg = Debug|Any CPU
		{F815A591-8BCB-43B5-BAF6-B2B051213D7D}.Debug|Any CPU.Build.0 = Debug|Any CPU
		{F815A591-8BCB-43B5-BAF6-B2B051213D7D}.Release|Any CPU.ActiveCfg = Release|Any CPU
		{F815A591-8BCB-43B5-BAF6-B2B051213D7D}.Release|Any CPU.Build.0 = Release|Any CPU
	EndGlobalSection
	GlobalSection(SolutionProperties) = preSolution
		HideSolutionNode = FALSE
	EndGlobalSection
	GlobalSection(ExtensibilityGlobals) = postSolution
		SolutionGuid = {3DABA39B-631A-4818-AFB2-3124BDCA86D1}
	EndGlobalSection
EndGlobal
